
Microsoft Visual Studio Solution File, Format Version 12.00
# Visual Studio Version 17
VisualStudioVersion = 17.10.35013.160
MinimumVisualStudioVersion = 10.0.40219.1
Project("{FAE04EC0-301F-11D3-BF4B-00C04F79EFBC}") = "Topic 3 - Assignment", "Topic 3 - Assignment\Topic 3 - Assignment.csproj", "{4D9757D1-AD4E-47E7-B9AB-1DF73BAF4122}"
EndProject
Global
	GlobalSection(SolutionConfigurationPlatforms) = preSolution
		Debug|Any CPU = Debug|Any CPU
		Release|Any CPU = Release|Any CPU
	EndGlobalSection
	GlobalSection(ProjectConfigurationPlatforms) = postSolution
		{4D9757D1-AD4E-47E7-B9AB-1DF73BAF4122}.Debug|Any CPU.ActiveCfg = Debug|Any CPU
		{4D9757D1-AD4E-47E7-B9AB-1DF73BAF4122}.Debug|Any CPU.Build.0 = Debug|Any CPU
		{4D9757D1-AD4E-47E7-B9AB-1DF73BAF4122}.Release|Any CPU.ActiveCfg = Release|Any CPU
		{4D9757D1-AD4E-47E7-B9AB-1DF73BAF4122}.Release|Any CPU.Build.0 = Release|Any CPU
	EndGlobalSection
	GlobalSection(SolutionProperties) = preSolution
		HideSolutionNode = FALSE
	EndGlobalSection
	GlobalSection(ExtensibilityGlobals) = postSolution
		SolutionGuid = {F44CE271-6153-4820-84EC-C6D7A505A131}
	EndGlobalSection
EndGlobal
